// !$*UTF8*$!
{
	archiveVersion = 1;
	classes = {
	};
	objectVersion = 56;
	objects = {

/* Begin PBXBuildFile section */
		8501CA352DFC963A00AAF1D5 /* Int+Extensions.swift in Sources */ = {isa = PBXBuildFile; fileRef = 8501CA342DFC963A00AAF1D5 /* Int+Extensions.swift */; };
		853712AD2AE820E700292128 /* CoreUsage.swift in Sources */ = {isa = PBXBuildFile; fileRef = 853712AC2AE820E700292128 /* CoreUsage.swift */; };
		85427C772AE7FA3500846D1A /* TopUIApp.swift in Sources */ = {isa = PBXBuildFile; fileRef = 85427C762AE7FA3500846D1A /* TopUIApp.swift */; };
		85427C792AE7FA3500846D1A /* ContentView.swift in Sources */ = {isa = PBXBuildFile; fileRef = 85427C782AE7FA3500846D1A /* ContentView.swift */; };
		85427C7B2AE7FA3600846D1A /* Assets.xcassets in Resources */ = {isa = PBXBuildFile; fileRef = 85427C7A2AE7FA3600846D1A /* Assets.xcassets */; };
		85427C7E2AE7FA3600846D1A /* Preview Assets.xcassets in Resources */ = {isa = PBXBuildFile; fileRef = 85427C7D2AE7FA3600846D1A /* Preview Assets.xcassets */; };
		85427C862AE7FCA200846D1A /* ContentViewModel.swift in Sources */ = {isa = PBXBuildFile; fileRef = 85427C852AE7FCA200846D1A /* ContentViewModel.swift */; };
		85427C882AE8119D00846D1A /* MySystemStats.swift in Sources */ = {isa = PBXBuildFile; fileRef = 85427C872AE8119D00846D1A /* MySystemStats.swift */; };
		85431ADE2DB3D9C800C9B246 /* GlassShineBackgroundView.swift in Sources */ = {isa = PBXBuildFile; fileRef = 85431ADD2DB3D9C800C9B246 /* GlassShineBackgroundView.swift */; };
		856CD7B22AE8905A00E6097C /* MemoryUsage.swift in Sources */ = {isa = PBXBuildFile; fileRef = 856CD7B12AE8905A00E6097C /* MemoryUsage.swift */; };
		85B0305E2BFAC54400F0D007 /* StatusBarController.swift in Sources */ = {isa = PBXBuildFile; fileRef = 85B0305D2BFAC54400F0D007 /* StatusBarController.swift */; };
		85B030602BFAC5A900F0D007 /* AppDelegate.swift in Sources */ = {isa = PBXBuildFile; fileRef = 85B0305F2BFAC5A900F0D007 /* AppDelegate.swift */; };
		85B0483C2D68E7B800C4D624 /* NetworkUsage.swift in Sources */ = {isa = PBXBuildFile; fileRef = 85B0483B2D68E7B800C4D624 /* NetworkUsage.swift */; };
/* End PBXBuildFile section */

/* Begin PBXFileReference section */
		8501CA342DFC963A00AAF1D5 /* Int+Extensions.swift */ = {isa = PBXFileReference; lastKnownFileType = sourcecode.swift; path = "Int+Extensions.swift"; sourceTree = "<group>"; };
		853712AC2AE820E700292128 /* CoreUsage.swift */ = {isa = PBXFileReference; lastKnownFileType = sourcecode.swift; path = CoreUsage.swift; sourceTree = "<group>"; };
		85427C732AE7FA3500846D1A /* TopUI.app */ = {isa = PBXFileReference; explicitFileType = wrapper.application; includeInIndex = 0; path = TopUI.app; sourceTree = BUILT_PRODUCTS_DIR; };
		85427C762AE7FA3500846D1A /* TopUIApp.swift */ = {isa = PBXFileReference; lastKnownFileType = sourcecode.swift; path = TopUIApp.swift; sourceTree = "<group>"; };
		85427C782AE7FA3500846D1A /* ContentView.swift */ = {isa = PBXFileReference; lastKnownFileType = sourcecode.swift; path = ContentView.swift; sourceTree = "<group>"; };
		85427C7A2AE7FA3600846D1A /* Assets.xcassets */ = {isa = PBXFileReference; lastKnownFileType = folder.assetcatalog; path = Assets.xcassets; sourceTree = "<group>"; };
		85427C7D2AE7FA3600846D1A /* Preview Assets.xcassets */ = {isa = PBXFileReference; lastKnownFileType = folder.assetcatalog; path = "Preview Assets.xcassets"; sourceTree = "<group>"; };
		85427C7F2AE7FA3600846D1A /* TopUI.entitlements */ = {isa = PBXFileReference; lastKnownFileType = text.plist.entitlements; path = TopUI.entitlements; sourceTree = "<group>"; };
		85427C852AE7FCA200846D1A /* ContentViewModel.swift */ = {isa = PBXFileReference; lastKnownFileType = sourcecode.swift; path = ContentViewModel.swift; sourceTree = "<group>"; };
		85427C872AE8119D00846D1A /* MySystemStats.swift */ = {isa = PBXFileReference; lastKnownFileType = sourcecode.swift; path = MySystemStats.swift; sourceTree = "<group>"; };
		85431ADD2DB3D9C800C9B246 /* GlassShineBackgroundView.swift */ = {isa = PBXFileReference; lastKnownFileType = sourcecode.swift; path = GlassShineBackgroundView.swift; sourceTree = "<group>"; };
		856CD7B12AE8905A00E6097C /* MemoryUsage.swift */ = {isa = PBXFileReference; lastKnownFileType = sourcecode.swift; path = MemoryUsage.swift; sourceTree = "<group>"; };
		85B0305D2BFAC54400F0D007 /* StatusBarController.swift */ = {isa = PBXFileReference; lastKnownFileType = sourcecode.swift; path = StatusBarController.swift; sourceTree = "<group>"; };
		85B0305F2BFAC5A900F0D007 /* AppDelegate.swift */ = {isa = PBXFileReference; lastKnownFileType = sourcecode.swift; path = AppDelegate.swift; sourceTree = "<group>"; };
		85B0483B2D68E7B800C4D624 /* NetworkUsage.swift */ = {isa = PBXFileReference; lastKnownFileType = sourcecode.swift; path = NetworkUsage.swift; sourceTree = "<group>"; };
/* End PBXFileReference section */

/* Begin PBXFrameworksBuildPhase section */
		85427C702AE7FA3500846D1A /* Frameworks */ = {
			isa = PBXFrameworksBuildPhase;
			buildActionMask = 2147483647;
			files = (
			);
			runOnlyForDeploymentPostprocessing = 0;
		};
/* End PBXFrameworksBuildPhase section */

/* Begin PBXGroup section */
		8501CA332DFC73B200AAF1D5 /* Extensions */ = {
			isa = PBXGroup;
			children = (
				8501CA342DFC963A00AAF1D5 /* Int+Extensions.swift */,
			);
			path = Extensions;
			sourceTree = "<group>";
		};
		85427C6A2AE7FA3500846D1A = {
			isa = PBXGroup;
			children = (
				85427C752AE7FA3500846D1A /* TopUI */,
				85427C742AE7FA3500846D1A /* Products */,
			);
			sourceTree = "<group>";
		};
		85427C742AE7FA3500846D1A /* Products */ = {
			isa = PBXGroup;
			children = (
				85427C732AE7FA3500846D1A /* TopUI.app */,
			);
			name = Products;
			sourceTree = "<group>";
		};
		85427C752AE7FA3500846D1A /* TopUI */ = {
			isa = PBXGroup;
			children = (
				8501CA332DFC73B200AAF1D5 /* Extensions */,
				85427C7F2AE7FA3600846D1A /* TopUI.entitlements */,
				85B0305F2BFAC5A900F0D007 /* AppDelegate.swift */,
				85431ADD2DB3D9C800C9B246 /* GlassShineBackgroundView.swift */,
				85427C852AE7FCA200846D1A /* ContentViewModel.swift */,
				85427C782AE7FA3500846D1A /* ContentView.swift */,
				853712AC2AE820E700292128 /* CoreUsage.swift */,
				856CD7B12AE8905A00E6097C /* MemoryUsage.swift */,
				85427C872AE8119D00846D1A /* MySystemStats.swift */,
				85B0483B2D68E7B800C4D624 /* NetworkUsage.swift */,
				85B0305D2BFAC54400F0D007 /* StatusBarController.swift */,
				85427C762AE7FA3500846D1A /* TopUIApp.swift */,
				85427C7A2AE7FA3600846D1A /* Assets.xcassets */,
				85427C7C2AE7FA3600846D1A /* Preview Content */,
			);
			path = TopUI;
			sourceTree = "<group>";
		};
		85427C7C2AE7FA3600846D1A /* Preview Content */ = {
			isa = PBXGroup;
			children = (
				85427C7D2AE7FA3600846D1A /* Preview Assets.xcassets */,
			);
			path = "Preview Content";
			sourceTree = "<group>";
		};
/* End PBXGroup section */

/* Begin PBXNativeTarget section */
		85427C722AE7FA3500846D1A /* TopUI */ = {
			isa = PBXNativeTarget;
			buildConfigurationList = 85427C822AE7FA3600846D1A /* Build configuration list for PBXNativeTarget "TopUI" */;
			buildPhases = (
				85427C6F2AE7FA3500846D1A /* Sources */,
				85C3D8892D5C304200C9FF76 /* ShellScript */,
				85427C702AE7FA3500846D1A /* Frameworks */,
				85427C712AE7FA3500846D1A /* Resources */,
			);
			buildRules = (
			);
			dependencies = (
			);
			name = TopUI;
			productName = TopUI;
			productReference = 85427C732AE7FA3500846D1A /* TopUI.app */;
			productType = "com.apple.product-type.application";
		};
/* End PBXNativeTarget section */

/* Begin PBXProject section */
		85427C6B2AE7FA3500846D1A /* Project object */ = {
			isa = PBXProject;
			attributes = {
				BuildIndependentTargetsInParallel = 1;
				LastSwiftUpdateCheck = 1500;
				LastUpgradeCheck = 1630;
				TargetAttributes = {
					85427C722AE7FA3500846D1A = {
						CreatedOnToolsVersion = 15.0.1;
					};
				};
			};
			buildConfigurationList = 85427C6E2AE7FA3500846D1A /* Build configuration list for PBXProject "TopUI" */;
			compatibilityVersion = "Xcode 14.0";
			developmentRegion = en;
			hasScannedForEncodings = 0;
			knownRegions = (
				en,
				Base,
			);
			mainGroup = 85427C6A2AE7FA3500846D1A;
			packageReferences = (
				85C3D8882D5BEE5E00C9FF76 /* XCRemoteSwiftPackageReference "SwiftLintPlugins" */,
			);
			productRefGroup = 85427C742AE7FA3500846D1A /* Products */;
			projectDirPath = "";
			projectRoot = "";
			targets = (
				85427C722AE7FA3500846D1A /* TopUI */,
			);
		};
/* End PBXProject section */

/* Begin PBXResourcesBuildPhase section */
		85427C712AE7FA3500846D1A /* Resources */ = {
			isa = PBXResourcesBuildPhase;
			buildActionMask = 2147483647;
			files = (
				85427C7E2AE7FA3600846D1A /* Preview Assets.xcassets in Resources */,
				85427C7B2AE7FA3600846D1A /* Assets.xcassets in Resources */,
			);
			runOnlyForDeploymentPostprocessing = 0;
		};
/* End PBXResourcesBuildPhase section */

/* Begin PBXShellScriptBuildPhase section */
		85C3D8892D5C304200C9FF76 /* ShellScript */ = {
			isa = PBXShellScriptBuildPhase;
			alwaysOutOfDate = 1;
			buildActionMask = 2147483647;
			files = (
			);
			inputFileListPaths = (
			);
			inputPaths = (
				"$(SRCROOT)/TopUI",
			);
			outputFileListPaths = (
			);
			outputPaths = (
				"$(DERIVED_FILE_DIR)",
			);
			runOnlyForDeploymentPostprocessing = 0;
			shellPath = /bin/sh;
			shellScript = "SWIFT_PACKAGE_DIR=\"${BUILD_DIR%Build/*}SourcePackages/artifacts\"\nSWIFTLINT_CMD=$(ls \"$SWIFT_PACKAGE_DIR\"/swiftlintplugins/SwiftLintBinary/SwiftLintBinary.artifactbundle/swiftlint-*-macos/bin/swiftlint | head -n 1)\n\nif test -f \"$SWIFTLINT_CMD\" 2>&1\nthen\n    \"$SWIFTLINT_CMD\"\nelse\n    echo \"warning: `swiftlint` command not found - See https://github.com/realm/SwiftLint#installation for installation instructions.\"\nfi\n";
		};
/* End PBXShellScriptBuildPhase section */

/* Begin PBXSourcesBuildPhase section */
		85427C6F2AE7FA3500846D1A /* Sources */ = {
			isa = PBXSourcesBuildPhase;
			buildActionMask = 2147483647;
			files = (
				85431ADE2DB3D9C800C9B246 /* GlassShineBackgroundView.swift in Sources */,
				85B0483C2D68E7B800C4D624 /* NetworkUsage.swift in Sources */,
				85427C792AE7FA3500846D1A /* ContentView.swift in Sources */,
				85B0305E2BFAC54400F0D007 /* StatusBarController.swift in Sources */,
				85427C772AE7FA3500846D1A /* TopUIApp.swift in Sources */,
				85B030602BFAC5A900F0D007 /* AppDelegate.swift in Sources */,
				85427C882AE8119D00846D1A /* MySystemStats.swift in Sources */,
				8501CA352DFC963A00AAF1D5 /* Int+Extensions.swift in Sources */,
				85427C862AE7FCA200846D1A /* ContentViewModel.swift in Sources */,
				856CD7B22AE8905A00E6097C /* MemoryUsage.swift in Sources */,
				853712AD2AE820E700292128 /* CoreUsage.swift in Sources */,
			);
			runOnlyForDeploymentPostprocessing = 0;
		};
/* End PBXSourcesBuildPhase section */

/* Begin XCBuildConfiguration section */
		85427C802AE7FA3600846D1A /* Debug */ = {
			isa = XCBuildConfiguration;
			buildSettings = {
				ALWAYS_SEARCH_USER_PATHS = NO;
				ASSETCATALOG_COMPILER_GENERATE_SWIFT_ASSET_SYMBOL_EXTENSIONS = YES;
				CLANG_ANALYZER_NONNULL = YES;
				CLANG_ANALYZER_NUMBER_OBJECT_CONVERSION = YES_AGGRESSIVE;
				CLANG_CXX_LANGUAGE_STANDARD = "gnu++20";
				CLANG_ENABLE_MODULES = YES;
				CLANG_ENABLE_OBJC_ARC = YES;
				CLANG_ENABLE_OBJC_WEAK = YES;
				CLANG_WARN_BLOCK_CAPTURE_AUTORELEASING = YES;
				CLANG_WARN_BOOL_CONVERSION = YES;
				CLANG_WARN_COMMA = YES;
				CLANG_WARN_CONSTANT_CONVERSION = YES;
				CLANG_WARN_DEPRECATED_OBJC_IMPLEMENTATIONS = YES;
				CLANG_WARN_DIRECT_OBJC_ISA_USAGE = YES_ERROR;
				CLANG_WARN_DOCUMENTATION_COMMENTS = YES;
				CLANG_WARN_EMPTY_BODY = YES;
				CLANG_WARN_ENUM_CONVERSION = YES;
				CLANG_WARN_INFINITE_RECURSION = YES;
				CLANG_WARN_INT_CONVERSION = YES;
				CLANG_WARN_NON_LITERAL_NULL_CONVERSION = YES;
				CLANG_WARN_OBJC_IMPLICIT_RETAIN_SELF = YES;
				CLANG_WARN_OBJC_LITERAL_CONVERSION = YES;
				CLANG_WARN_OBJC_ROOT_CLASS = YES_ERROR;
				CLANG_WARN_QUOTED_INCLUDE_IN_FRAMEWORK_HEADER = YES;
				CLANG_WARN_RANGE_LOOP_ANALYSIS = YES;
				CLANG_WARN_STRICT_PROTOTYPES = YES;
				CLANG_WARN_SUSPICIOUS_MOVE = YES;
				CLANG_WARN_UNGUARDED_AVAILABILITY = YES_AGGRESSIVE;
				CLANG_WARN_UNREACHABLE_CODE = YES;
				CLANG_WARN__DUPLICATE_METHOD_MATCH = YES;
				COPY_PHASE_STRIP = NO;
				DEAD_CODE_STRIPPING = YES;
				DEBUG_INFORMATION_FORMAT = dwarf;
				DEVELOPMENT_TEAM = 9Y789C28ZZ;
				ENABLE_STRICT_OBJC_MSGSEND = YES;
				ENABLE_TESTABILITY = YES;
				ENABLE_USER_SCRIPT_SANDBOXING = NO;
				GCC_C_LANGUAGE_STANDARD = gnu17;
				GCC_DYNAMIC_NO_PIC = NO;
				GCC_NO_COMMON_BLOCKS = YES;
				GCC_OPTIMIZATION_LEVEL = 0;
				GCC_PREPROCESSOR_DEFINITIONS = (
					"DEBUG=1",
					"$(inherited)",
				);
				GCC_WARN_64_TO_32_BIT_CONVERSION = YES;
				GCC_WARN_ABOUT_RETURN_TYPE = YES_ERROR;
				GCC_WARN_UNDECLARED_SELECTOR = YES;
				GCC_WARN_UNINITIALIZED_AUTOS = YES_AGGRESSIVE;
				GCC_WARN_UNUSED_FUNCTION = YES;
				GCC_WARN_UNUSED_LABEL = YES;
				GCC_WARN_UNUSED_PARAMETER = YES;
				GCC_WARN_UNUSED_VARIABLE = YES;
				LOCALIZATION_PREFERS_STRING_CATALOGS = YES;
				MACOSX_DEPLOYMENT_TARGET = 14.0;
				MTL_ENABLE_DEBUG_INFO = INCLUDE_SOURCE;
				MTL_FAST_MATH = YES;
				ONLY_ACTIVE_ARCH = YES;
				SDKROOT = macosx;
				SWIFT_ACTIVE_COMPILATION_CONDITIONS = "DEBUG $(inherited)";
				SWIFT_OPTIMIZATION_LEVEL = "-Onone";
				SWIFT_STRICT_CONCURRENCY = complete;
				SWIFT_STRICT_MEMORY_SAFETY = NO;
				SWIFT_VERSION = 6.0;
			};
			name = Debug;
		};
		85427C812AE7FA3600846D1A /* Release */ = {
			isa = XCBuildConfiguration;
			buildSettings = {
				ALWAYS_SEARCH_USER_PATHS = NO;
				ASSETCATALOG_COMPILER_GENERATE_SWIFT_ASSET_SYMBOL_EXTENSIONS = YES;
				CLANG_ANALYZER_NONNULL = YES;
				CLANG_ANALYZER_NUMBER_OBJECT_CONVERSION = YES_AGGRESSIVE;
				CLANG_CXX_LANGUAGE_STANDARD = "gnu++20";
				CLANG_ENABLE_MODULES = YES;
				CLANG_ENABLE_OBJC_ARC = YES;
				CLANG_ENABLE_OBJC_WEAK = YES;
				CLANG_WARN_BLOCK_CAPTURE_AUTORELEASING = YES;
				CLANG_WARN_BOOL_CONVERSION = YES;
				CLANG_WARN_COMMA = YES;
				CLANG_WARN_CONSTANT_CONVERSION = YES;
				CLANG_WARN_DEPRECATED_OBJC_IMPLEMENTATIONS = YES;
				CLANG_WARN_DIRECT_OBJC_ISA_USAGE = YES_ERROR;
				CLANG_WARN_DOCUMENTATION_COMMENTS = YES;
				CLANG_WARN_EMPTY_BODY = YES;
				CLANG_WARN_ENUM_CONVERSION = YES;
				CLANG_WARN_INFINITE_RECURSION = YES;
				CLANG_WARN_INT_CONVERSION = YES;
				CLANG_WARN_NON_LITERAL_NULL_CONVERSION = YES;
				CLANG_WARN_OBJC_IMPLICIT_RETAIN_SELF = YES;
				CLANG_WARN_OBJC_LITERAL_CONVERSION = YES;
				CLANG_WARN_OBJC_ROOT_CLASS = YES_ERROR;
				CLANG_WARN_QUOTED_INCLUDE_IN_FRAMEWORK_HEADER = YES;
				CLANG_WARN_RANGE_LOOP_ANALYSIS = YES;
				CLANG_WARN_STRICT_PROTOTYPES = YES;
				CLANG_WARN_SUSPICIOUS_MOVE = YES;
				CLANG_WARN_UNGUARDED_AVAILABILITY = YES_AGGRESSIVE;
				CLANG_WARN_UNREACHABLE_CODE = YES;
				CLANG_WARN__DUPLICATE_METHOD_MATCH = YES;
				COPY_PHASE_STRIP = NO;
				DEAD_CODE_STRIPPING = YES;
				DEBUG_INFORMATION_FORMAT = "dwarf-with-dsym";
				DEVELOPMENT_TEAM = 9Y789C28ZZ;
				ENABLE_NS_ASSERTIONS = NO;
				ENABLE_STRICT_OBJC_MSGSEND = YES;
				ENABLE_USER_SCRIPT_SANDBOXING = NO;
				GCC_C_LANGUAGE_STANDARD = gnu17;
				GCC_NO_COMMON_BLOCKS = YES;
				GCC_WARN_64_TO_32_BIT_CONVERSION = YES;
				GCC_WARN_ABOUT_RETURN_TYPE = YES_ERROR;
				GCC_WARN_UNDECLARED_SELECTOR = YES;
				GCC_WARN_UNINITIALIZED_AUTOS = YES_AGGRESSIVE;
				GCC_WARN_UNUSED_FUNCTION = YES;
				GCC_WARN_UNUSED_LABEL = YES;
				GCC_WARN_UNUSED_PARAMETER = YES;
				GCC_WARN_UNUSED_VARIABLE = YES;
				LOCALIZATION_PREFERS_STRING_CATALOGS = YES;
				MACOSX_DEPLOYMENT_TARGET = 14.0;
				MTL_ENABLE_DEBUG_INFO = NO;
				MTL_FAST_MATH = YES;
				SDKROOT = macosx;
				SWIFT_COMPILATION_MODE = wholemodule;
				SWIFT_STRICT_CONCURRENCY = complete;
				SWIFT_STRICT_MEMORY_SAFETY = NO;
				SWIFT_VERSION = 6.0;
			};
			name = Release;
		};
		85427C832AE7FA3600846D1A /* Debug */ = {
			isa = XCBuildConfiguration;
			buildSettings = {
				ASSETCATALOG_COMPILER_APPICON_NAME = AppIcon;
				ASSETCATALOG_COMPILER_GLOBAL_ACCENT_COLOR_NAME = AccentColor;
				CODE_SIGN_ENTITLEMENTS = TopUI/TopUI.entitlements;
				"CODE_SIGN_IDENTITY[sdk=macosx*]" = "-";
				CODE_SIGN_STYLE = Automatic;
				COMBINE_HIDPI_IMAGES = YES;
				CURRENT_PROJECT_VERSION = 26;
				DEAD_CODE_STRIPPING = YES;
				DEVELOPMENT_ASSET_PATHS = "\"TopUI/Preview Content\"";
				ENABLE_HARDENED_RUNTIME = YES;
				ENABLE_PREVIEWS = YES;
				GENERATE_INFOPLIST_FILE = YES;
				INFOPLIST_KEY_LSApplicationCategoryType = "public.app-category.utilities";
				INFOPLIST_KEY_LSUIElement = YES;
				INFOPLIST_KEY_NSHumanReadableCopyright = "Ghislain Leblanc";
				LD_RUNPATH_SEARCH_PATHS = (
					"$(inherited)",
					"@executable_path/../Frameworks",
				);
				MACOSX_DEPLOYMENT_TARGET = 15.0;
				MARKETING_VERSION = 1.14;
				PRODUCT_BUNDLE_IDENTIFIER = in.ghisla.TopUI;
				PRODUCT_NAME = "$(TARGET_NAME)";
				SWIFT_EMIT_LOC_STRINGS = YES;
				SWIFT_STRICT_MEMORY_SAFETY = NO;
				SWIFT_VERSION = 6.0;
			};
			name = Debug;
		};
		85427C842AE7FA3600846D1A /* Release */ = {
			isa = XCBuildConfiguration;
			buildSettings = {
				ASSETCATALOG_COMPILER_APPICON_NAME = AppIcon;
				ASSETCATALOG_COMPILER_GLOBAL_ACCENT_COLOR_NAME = AccentColor;
				CODE_SIGN_ENTITLEMENTS = TopUI/TopUI.entitlements;
				"CODE_SIGN_IDENTITY[sdk=macosx*]" = "-";
				CODE_SIGN_STYLE = Automatic;
				COMBINE_HIDPI_IMAGES = YES;
				CURRENT_PROJECT_VERSION = 26;
				DEAD_CODE_STRIPPING = YES;
				DEVELOPMENT_ASSET_PATHS = "\"TopUI/Preview Content\"";
				ENABLE_HARDENED_RUNTIME = YES;
				ENABLE_PREVIEWS = YES;
				GENERATE_INFOPLIST_FILE = YES;
				INFOPLIST_KEY_LSApplicationCategoryType = "public.app-category.utilities";
				INFOPLIST_KEY_LSUIElement = YES;
				INFOPLIST_KEY_NSHumanReadableCopyright = "Ghislain Leblanc";
				LD_RUNPATH_SEARCH_PATHS = (
					"$(inherited)",
					"@executable_path/../Frameworks",
				);
				MACOSX_DEPLOYMENT_TARGET = 15.0;
				MARKETING_VERSION = 1.14;
				PRODUCT_BUNDLE_IDENTIFIER = in.ghisla.TopUI;
				PRODUCT_NAME = "$(TARGET_NAME)";
				SWIFT_EMIT_LOC_STRINGS = YES;
				SWIFT_STRICT_MEMORY_SAFETY = NO;
				SWIFT_VERSION = 6.0;
			};
			name = Release;
		};
/* End XCBuildConfiguration section */

/* Begin XCConfigurationList section */
		85427C6E2AE7FA3500846D1A /* Build configuration list for PBXProject "TopUI" */ = {
			isa = XCConfigurationList;
			buildConfigurations = (
				85427C802AE7FA3600846D1A /* Debug */,
				85427C812AE7FA3600846D1A /* Release */,
			);
			defaultConfigurationIsVisible = 0;
			defaultConfigurationName = Release;
		};
		85427C822AE7FA3600846D1A /* Build configuration list for PBXNativeTarget "TopUI" */ = {
			isa = XCConfigurationList;
			buildConfigurations = (
				85427C832AE7FA3600846D1A /* Debug */,
				85427C842AE7FA3600846D1A /* Release */,
			);
			defaultConfigurationIsVisible = 0;
			defaultConfigurationName = Release;
		};
/* End XCConfigurationList section */

/* Begin XCRemoteSwiftPackageReference section */
		85C3D8882D5BEE5E00C9FF76 /* XCRemoteSwiftPackageReference "SwiftLintPlugins" */ = {
			isa = XCRemoteSwiftPackageReference;
			repositoryURL = "https://github.com/SimplyDanny/SwiftLintPlugins";
			requirement = {
				kind = upToNextMajorVersion;
				minimumVersion = 0.58.2;
			};
		};
/* End XCRemoteSwiftPackageReference section */
	};
	rootObject = 85427C6B2AE7FA3500846D1A /* Project object */;
}
